// !$*UTF8*$!
{
	archiveVersion = 1;
	classes = {
	};
	objectVersion = 50;
	objects = {

/* Begin PBXBuildFile section */
		D55B8EA023AD904A00C6E337 /* AppDelegate.swift in Sources */ = {isa = PBXBuildFile; fileRef = D55B8E9F23AD904A00C6E337 /* AppDelegate.swift */; };
		D55B8EA223AD904A00C6E337 /* SceneDelegate.swift in Sources */ = {isa = PBXBuildFile; fileRef = D55B8EA123AD904A00C6E337 /* SceneDelegate.swift */; };
		D55B8EA423AD904A00C6E337 /* LandmarkDetail.swift in Sources */ = {isa = PBXBuildFile; fileRef = D55B8EA323AD904A00C6E337 /* LandmarkDetail.swift */; };
		D55B8EA623AD904E00C6E337 /* Assets.xcassets in Resources */ = {isa = PBXBuildFile; fileRef = D55B8EA523AD904E00C6E337 /* Assets.xcassets */; };
		D55B8EA923AD904E00C6E337 /* Preview Assets.xcassets in Resources */ = {isa = PBXBuildFile; fileRef = D55B8EA823AD904E00C6E337 /* Preview Assets.xcassets */; };
		D55B8EAC23AD904E00C6E337 /* LaunchScreen.storyboard in Resources */ = {isa = PBXBuildFile; fileRef = D55B8EAA23AD904E00C6E337 /* LaunchScreen.storyboard */; };
		D55B8EB423AD99D900C6E337 /* CircleImage.swift in Sources */ = {isa = PBXBuildFile; fileRef = D55B8EB323AD99D900C6E337 /* CircleImage.swift */; };
		D55B8EB623AD9D1E00C6E337 /* MapView.swift in Sources */ = {isa = PBXBuildFile; fileRef = D55B8EB523AD9D1E00C6E337 /* MapView.swift */; };
		D55B8EBD23ADA72B00C6E337 /* Data.swift in Sources */ = {isa = PBXBuildFile; fileRef = D55B8EBB23ADA72B00C6E337 /* Data.swift */; };
		D55B8EBE23ADA72B00C6E337 /* Landmark.swift in Sources */ = {isa = PBXBuildFile; fileRef = D55B8EBC23ADA72B00C6E337 /* Landmark.swift */; };
		D55B8EDC23ADAA1A00C6E337 /* LandmarkRow.swift in Sources */ = {isa = PBXBuildFile; fileRef = D55B8EDB23ADAA1A00C6E337 /* LandmarkRow.swift */; };
		D55B8EDE23ADACDD00C6E337 /* LandmarkList.swift in Sources */ = {isa = PBXBuildFile; fileRef = D55B8EDD23ADACDD00C6E337 /* LandmarkList.swift */; };
		D58DD05E23AF4CB8009A91CF /* charleyrivers.jpg in Resources */ = {isa = PBXBuildFile; fileRef = D58DD05123AF4CB8009A91CF /* charleyrivers.jpg */; };
		D58DD05F23AF4CB8009A91CF /* turtlerock.jpg in Resources */ = {isa = PBXBuildFile; fileRef = D58DD05223AF4CB8009A91CF /* turtlerock.jpg */; };
		D58DD06023AF4CB8009A91CF /* silversalmoncreek.jpg in Resources */ = {isa = PBXBuildFile; fileRef = D58DD05323AF4CB8009A91CF /* silversalmoncreek.jpg */; };
		D58DD06123AF4CB8009A91CF /* icybay.jpg in Resources */ = {isa = PBXBuildFile; fileRef = D58DD05423AF4CB8009A91CF /* icybay.jpg */; };
		D58DD06223AF4CB8009A91CF /* lakemcdonald.jpg in Resources */ = {isa = PBXBuildFile; fileRef = D58DD05523AF4CB8009A91CF /* lakemcdonald.jpg */; };
		D58DD06323AF4CB8009A91CF /* hiddenlake.jpg in Resources */ = {isa = PBXBuildFile; fileRef = D58DD05623AF4CB8009A91CF /* hiddenlake.jpg */; };
		D58DD06423AF4CB8009A91CF /* twinlake.jpg in Resources */ = {isa = PBXBuildFile; fileRef = D58DD05723AF4CB8009A91CF /* twinlake.jpg */; };
		D58DD06523AF4CB8009A91CF /* umbagog.jpg in Resources */ = {isa = PBXBuildFile; fileRef = D58DD05823AF4CB8009A91CF /* umbagog.jpg */; };
		D58DD06623AF4CB8009A91CF /* landmarkData.json in Resources */ = {isa = PBXBuildFile; fileRef = D58DD05923AF4CB8009A91CF /* landmarkData.json */; };
		D58DD06723AF4CB8009A91CF /* chincoteague.jpg in Resources */ = {isa = PBXBuildFile; fileRef = D58DD05A23AF4CB8009A91CF /* chincoteague.jpg */; };
		D58DD06823AF4CB8009A91CF /* stmarylake.jpg in Resources */ = {isa = PBXBuildFile; fileRef = D58DD05B23AF4CB8009A91CF /* stmarylake.jpg */; };
		D58DD06923AF4CB8009A91CF /* chilkoottrail.jpg in Resources */ = {isa = PBXBuildFile; fileRef = D58DD05C23AF4CB8009A91CF /* chilkoottrail.jpg */; };
		D58DD06A23AF4CB8009A91CF /* rainbowlake.jpg in Resources */ = {isa = PBXBuildFile; fileRef = D58DD05D23AF4CB8009A91CF /* rainbowlake.jpg */; };
		D58DD06C23AF52C8009A91CF /* UserData.swift in Sources */ = {isa = PBXBuildFile; fileRef = D58DD06B23AF52C8009A91CF /* UserData.swift */; };
/* End PBXBuildFile section */

/* Begin PBXFileReference section */
		D55B8E9C23AD904A00C6E337 /* Landmarks.app */ = {isa = PBXFileReference; explicitFileType = wrapper.application; includeInIndex = 0; path = Landmarks.app; sourceTree = BUILT_PRODUCTS_DIR; };
		D55B8E9F23AD904A00C6E337 /* AppDelegate.swift */ = {isa = PBXFileReference; lastKnownFileType = sourcecode.swift; path = AppDelegate.swift; sourceTree = "<group>"; };
		D55B8EA123AD904A00C6E337 /* SceneDelegate.swift */ = {isa = PBXFileReference; lastKnownFileType = sourcecode.swift; path = SceneDelegate.swift; sourceTree = "<group>"; };
		D55B8EA323AD904A00C6E337 /* LandmarkDetail.swift */ = {isa = PBXFileReference; lastKnownFileType = sourcecode.swift; path = LandmarkDetail.swift; sourceTree = "<group>"; };
		D55B8EA523AD904E00C6E337 /* Assets.xcassets */ = {isa = PBXFileReference; lastKnownFileType = folder.assetcatalog; path = Assets.xcassets; sourceTree = "<group>"; };
		D55B8EA823AD904E00C6E337 /* Preview Assets.xcassets */ = {isa = PBXFileReference; lastKnownFileType = folder.assetcatalog; path = "Preview Assets.xcassets"; sourceTree = "<group>"; };
		D55B8EAB23AD904E00C6E337 /* Base */ = {isa = PBXFileReference; lastKnownFileType = file.storyboard; name = Base; path = Base.lproj/LaunchScreen.storyboard; sourceTree = "<group>"; };
		D55B8EAD23AD904E00C6E337 /* Info.plist */ = {isa = PBXFileReference; lastKnownFileType = text.plist.xml; path = Info.plist; sourceTree = "<group>"; };
		D55B8EB323AD99D900C6E337 /* CircleImage.swift */ = {isa = PBXFileReference; lastKnownFileType = sourcecode.swift; path = CircleImage.swift; sourceTree = "<group>"; };
		D55B8EB523AD9D1E00C6E337 /* MapView.swift */ = {isa = PBXFileReference; lastKnownFileType = sourcecode.swift; path = MapView.swift; sourceTree = "<group>"; };
		D55B8EBB23ADA72B00C6E337 /* Data.swift */ = {isa = PBXFileReference; fileEncoding = 4; lastKnownFileType = sourcecode.swift; path = Data.swift; sourceTree = "<group>"; };
		D55B8EBC23ADA72B00C6E337 /* Landmark.swift */ = {isa = PBXFileReference; fileEncoding = 4; lastKnownFileType = sourcecode.swift; path = Landmark.swift; sourceTree = "<group>"; };
		D55B8EDB23ADAA1A00C6E337 /* LandmarkRow.swift */ = {isa = PBXFileReference; lastKnownFileType = sourcecode.swift; path = LandmarkRow.swift; sourceTree = "<group>"; };
		D55B8EDD23ADACDD00C6E337 /* LandmarkList.swift */ = {isa = PBXFileReference; lastKnownFileType = sourcecode.swift; path = LandmarkList.swift; sourceTree = "<group>"; };
		D58DD05123AF4CB8009A91CF /* charleyrivers.jpg */ = {isa = PBXFileReference; lastKnownFileType = image.jpeg; path = charleyrivers.jpg; sourceTree = "<group>"; };
		D58DD05223AF4CB8009A91CF /* turtlerock.jpg */ = {isa = PBXFileReference; lastKnownFileType = image.jpeg; path = turtlerock.jpg; sourceTree = "<group>"; };
		D58DD05323AF4CB8009A91CF /* silversalmoncreek.jpg */ = {isa = PBXFileReference; lastKnownFileType = image.jpeg; path = silversalmoncreek.jpg; sourceTree = "<group>"; };
		D58DD05423AF4CB8009A91CF /* icybay.jpg */ = {isa = PBXFileReference; lastKnownFileType = image.jpeg; path = icybay.jpg; sourceTree = "<group>"; };
		D58DD05523AF4CB8009A91CF /* lakemcdonald.jpg */ = {isa = PBXFileReference; lastKnownFileType = image.jpeg; path = lakemcdonald.jpg; sourceTree = "<group>"; };
		D58DD05623AF4CB8009A91CF /* hiddenlake.jpg */ = {isa = PBXFileReference; lastKnownFileType = image.jpeg; path = hiddenlake.jpg; sourceTree = "<group>"; };
		D58DD05723AF4CB8009A91CF /* twinlake.jpg */ = {isa = PBXFileReference; lastKnownFileType = image.jpeg; path = twinlake.jpg; sourceTree = "<group>"; };
		D58DD05823AF4CB8009A91CF /* umbagog.jpg */ = {isa = PBXFileReference; lastKnownFileType = image.jpeg; path = umbagog.jpg; sourceTree = "<group>"; };
		D58DD05923AF4CB8009A91CF /* landmarkData.json */ = {isa = PBXFileReference; fileEncoding = 4; lastKnownFileType = text.json; path = landmarkData.json; sourceTree = "<group>"; };
		D58DD05A23AF4CB8009A91CF /* chincoteague.jpg */ = {isa = PBXFileReference; lastKnownFileType = image.jpeg; path = chincoteague.jpg; sourceTree = "<group>"; };
		D58DD05B23AF4CB8009A91CF /* stmarylake.jpg */ = {isa = PBXFileReference; lastKnownFileType = image.jpeg; path = stmarylake.jpg; sourceTree = "<group>"; };
		D58DD05C23AF4CB8009A91CF /* chilkoottrail.jpg */ = {isa = PBXFileReference; lastKnownFileType = image.jpeg; path = chilkoottrail.jpg; sourceTree = "<group>"; };
		D58DD05D23AF4CB8009A91CF /* rainbowlake.jpg */ = {isa = PBXFileReference; lastKnownFileType = image.jpeg; path = rainbowlake.jpg; sourceTree = "<group>"; };
		D58DD06B23AF52C8009A91CF /* UserData.swift */ = {isa = PBXFileReference; lastKnownFileType = sourcecode.swift; path = UserData.swift; sourceTree = "<group>"; };
/* End PBXFileReference section */

/* Begin PBXFrameworksBuildPhase section */
		D55B8E9923AD904A00C6E337 /* Frameworks */ = {
			isa = PBXFrameworksBuildPhase;
			buildActionMask = 2147483647;
			files = (
			);
			runOnlyForDeploymentPostprocessing = 0;
		};
/* End PBXFrameworksBuildPhase section */

/* Begin PBXGroup section */
		D55B8E9323AD904A00C6E337 = {
			isa = PBXGroup;
			children = (
				D55B8E9E23AD904A00C6E337 /* Landmarks */,
				D55B8E9D23AD904A00C6E337 /* Products */,
			);
			sourceTree = "<group>";
		};
		D55B8E9D23AD904A00C6E337 /* Products */ = {
			isa = PBXGroup;
			children = (
				D55B8E9C23AD904A00C6E337 /* Landmarks.app */,
			);
			name = Products;
			sourceTree = "<group>";
		};
		D55B8E9E23AD904A00C6E337 /* Landmarks */ = {
			isa = PBXGroup;
			children = (
				D55B8EBA23ADA72B00C6E337 /* Models */,
				D55B8E9F23AD904A00C6E337 /* AppDelegate.swift */,
				D55B8EA123AD904A00C6E337 /* SceneDelegate.swift */,
				D55B8EA323AD904A00C6E337 /* LandmarkDetail.swift */,
				D55B8EDB23ADAA1A00C6E337 /* LandmarkRow.swift */,
				D55B8EDD23ADACDD00C6E337 /* LandmarkList.swift */,
				D58DD06B23AF52C8009A91CF /* UserData.swift */,
				D55B8EDA23ADA74B00C6E337 /* SupportingViews */,
				D58DD05023AF4CB8009A91CF /* Resources */,
				D55B8EA523AD904E00C6E337 /* Assets.xcassets */,
				D55B8EAA23AD904E00C6E337 /* LaunchScreen.storyboard */,
				D55B8EAD23AD904E00C6E337 /* Info.plist */,
				D55B8EA723AD904E00C6E337 /* Preview Content */,
			);
			path = Landmarks;
			sourceTree = "<group>";
		};
		D55B8EA723AD904E00C6E337 /* Preview Content */ = {
			isa = PBXGroup;
			children = (
				D55B8EA823AD904E00C6E337 /* Preview Assets.xcassets */,
			);
			path = "Preview Content";
			sourceTree = "<group>";
		};
		D55B8EBA23ADA72B00C6E337 /* Models */ = {
			isa = PBXGroup;
			children = (
				D55B8EBB23ADA72B00C6E337 /* Data.swift */,
				D55B8EBC23ADA72B00C6E337 /* Landmark.swift */,
			);
			path = Models;
			sourceTree = "<group>";
		};
		D55B8EDA23ADA74B00C6E337 /* SupportingViews */ = {
			isa = PBXGroup;
			children = (
				D55B8EB323AD99D900C6E337 /* CircleImage.swift */,
				D55B8EB523AD9D1E00C6E337 /* MapView.swift */,
			);
			path = SupportingViews;
			sourceTree = "<group>";
		};
		D58DD05023AF4CB8009A91CF /* Resources */ = {
			isa = PBXGroup;
			children = (
				D58DD05123AF4CB8009A91CF /* charleyrivers.jpg */,
				D58DD05223AF4CB8009A91CF /* turtlerock.jpg */,
				D58DD05323AF4CB8009A91CF /* silversalmoncreek.jpg */,
				D58DD05423AF4CB8009A91CF /* icybay.jpg */,
				D58DD05523AF4CB8009A91CF /* lakemcdonald.jpg */,
				D58DD05623AF4CB8009A91CF /* hiddenlake.jpg */,
				D58DD05723AF4CB8009A91CF /* twinlake.jpg */,
				D58DD05823AF4CB8009A91CF /* umbagog.jpg */,
				D58DD05923AF4CB8009A91CF /* landmarkData.json */,
				D58DD05A23AF4CB8009A91CF /* chincoteague.jpg */,
				D58DD05B23AF4CB8009A91CF /* stmarylake.jpg */,
				D58DD05C23AF4CB8009A91CF /* chilkoottrail.jpg */,
				D58DD05D23AF4CB8009A91CF /* rainbowlake.jpg */,
			);
			path = Resources;
			sourceTree = "<group>";
		};
/* End PBXGroup section */

/* Begin PBXNativeTarget section */
		D55B8E9B23AD904A00C6E337 /* Landmarks */ = {
			isa = PBXNativeTarget;
			buildConfigurationList = D55B8EB023AD904E00C6E337 /* Build configuration list for PBXNativeTarget "Landmarks" */;
			buildPhases = (
				D55B8E9823AD904A00C6E337 /* Sources */,
				D55B8E9923AD904A00C6E337 /* Frameworks */,
				D55B8E9A23AD904A00C6E337 /* Resources */,
			);
			buildRules = (
			);
			dependencies = (
			);
			name = Landmarks;
			productName = Landmarks;
			productReference = D55B8E9C23AD904A00C6E337 /* Landmarks.app */;
			productType = "com.apple.product-type.application";
		};
/* End PBXNativeTarget section */

/* Begin PBXProject section */
		D55B8E9423AD904A00C6E337 /* Project object */ = {
			isa = PBXProject;
			attributes = {
				LastSwiftUpdateCheck = 1120;
				LastUpgradeCheck = 1120;
				ORGANIZATIONNAME = twiiks;
				TargetAttributes = {
					D55B8E9B23AD904A00C6E337 = {
						CreatedOnToolsVersion = 11.2.1;
					};
				};
			};
			buildConfigurationList = D55B8E9723AD904A00C6E337 /* Build configuration list for PBXProject "Landmarks" */;
			compatibilityVersion = "Xcode 9.3";
			developmentRegion = en;
			hasScannedForEncodings = 0;
			knownRegions = (
				en,
				Base,
			);
			mainGroup = D55B8E9323AD904A00C6E337;
			productRefGroup = D55B8E9D23AD904A00C6E337 /* Products */;
			projectDirPath = "";
			projectRoot = "";
			targets = (
				D55B8E9B23AD904A00C6E337 /* Landmarks */,
			);
		};
/* End PBXProject section */

/* Begin PBXResourcesBuildPhase section */
		D55B8E9A23AD904A00C6E337 /* Resources */ = {
			isa = PBXResourcesBuildPhase;
			buildActionMask = 2147483647;
			files = (
				D55B8EAC23AD904E00C6E337 /* LaunchScreen.storyboard in Resources */,
				D55B8EA923AD904E00C6E337 /* Preview Assets.xcassets in Resources */,
				D55B8EA623AD904E00C6E337 /* Assets.xcassets in Resources */,
				D58DD06023AF4CB8009A91CF /* silversalmoncreek.jpg in Resources */,
				D58DD05E23AF4CB8009A91CF /* charleyrivers.jpg in Resources */,
				D58DD06723AF4CB8009A91CF /* chincoteague.jpg in Resources */,
				D58DD06823AF4CB8009A91CF /* stmarylake.jpg in Resources */,
				D58DD06623AF4CB8009A91CF /* landmarkData.json in Resources */,
				D58DD06123AF4CB8009A91CF /* icybay.jpg in Resources */,
				D58DD06423AF4CB8009A91CF /* twinlake.jpg in Resources */,
				D58DD06223AF4CB8009A91CF /* lakemcdonald.jpg in Resources */,
				D58DD06323AF4CB8009A91CF /* hiddenlake.jpg in Resources */,
				D58DD06523AF4CB8009A91CF /* umbagog.jpg in Resources */,
				D58DD06A23AF4CB8009A91CF /* rainbowlake.jpg in Resources */,
				D58DD06923AF4CB8009A91CF /* chilkoottrail.jpg in Resources */,
				D58DD05F23AF4CB8009A91CF /* turtlerock.jpg in Resources */,
			);
			runOnlyForDeploymentPostprocessing = 0;
		};
/* End PBXResourcesBuildPhase section */

/* Begin PBXSourcesBuildPhase section */
		D55B8E9823AD904A00C6E337 /* Sources */ = {
			isa = PBXSourcesBuildPhase;
			buildActionMask = 2147483647;
			files = (
				D55B8EBE23ADA72B00C6E337 /* Landmark.swift in Sources */,
				D55B8EA023AD904A00C6E337 /* AppDelegate.swift in Sources */,
				D55B8EBD23ADA72B00C6E337 /* Data.swift in Sources */,
				D55B8EB423AD99D900C6E337 /* CircleImage.swift in Sources */,
				D55B8EDE23ADACDD00C6E337 /* LandmarkList.swift in Sources */,
				D55B8EB623AD9D1E00C6E337 /* MapView.swift in Sources */,
				D55B8EA223AD904A00C6E337 /* SceneDelegate.swift in Sources */,
				D55B8EDC23ADAA1A00C6E337 /* LandmarkRow.swift in Sources */,
				D58DD06C23AF52C8009A91CF /* UserData.swift in Sources */,
				D55B8EA423AD904A00C6E337 /* LandmarkDetail.swift in Sources */,
			);
			runOnlyForDeploymentPostprocessing = 0;
		};
/* End PBXSourcesBuildPhase section */

/* Begin PBXVariantGroup section */
		D55B8EAA23AD904E00C6E337 /* LaunchScreen.storyboard */ = {
			isa = PBXVariantGroup;
			children = (
				D55B8EAB23AD904E00C6E337 /* Base */,
			);
			name = LaunchScreen.storyboard;
			sourceTree = "<group>";
		};
/* End PBXVariantGroup section */

/* Begin XCBuildConfiguration section */
		D55B8EAE23AD904E00C6E337 /* Debug */ = {
			isa = XCBuildConfiguration;
			buildSettings = {
				ALWAYS_SEARCH_USER_PATHS = NO;
				CLANG_ANALYZER_NONNULL = YES;
				CLANG_ANALYZER_NUMBER_OBJECT_CONVERSION = YES_AGGRESSIVE;
				CLANG_CXX_LANGUAGE_STANDARD = "gnu++14";
				CLANG_CXX_LIBRARY = "libc++";
				CLANG_ENABLE_MODULES = YES;
				CLANG_ENABLE_OBJC_ARC = YES;
				CLANG_ENABLE_OBJC_WEAK = YES;
				CLANG_WARN_BLOCK_CAPTURE_AUTORELEASING = YES;
				CLANG_WARN_BOOL_CONVERSION = YES;
				CLANG_WARN_COMMA = YES;
				CLANG_WARN_CONSTANT_CONVERSION = YES;
				CLANG_WARN_DEPRECATED_OBJC_IMPLEMENTATIONS = YES;
				CLANG_WARN_DIRECT_OBJC_ISA_USAGE = YES_ERROR;
				CLANG_WARN_DOCUMENTATION_COMMENTS = YES;
				CLANG_WARN_EMPTY_BODY = YES;
				CLANG_WARN_ENUM_CONVERSION = YES;
				CLANG_WARN_INFINITE_RECURSION = YES;
				CLANG_WARN_INT_CONVERSION = YES;
				CLANG_WARN_NON_LITERAL_NULL_CONVERSION = YES;
				CLANG_WARN_OBJC_IMPLICIT_RETAIN_SELF = YES;
				CLANG_WARN_OBJC_LITERAL_CONVERSION = YES;
				CLANG_WARN_OBJC_ROOT_CLASS = YES_ERROR;
				CLANG_WARN_RANGE_LOOP_ANALYSIS = YES;
				CLANG_WARN_STRICT_PROTOTYPES = YES;
				CLANG_WARN_SUSPICIOUS_MOVE = YES;
				CLANG_WARN_UNGUARDED_AVAILABILITY = YES_AGGRESSIVE;
				CLANG_WARN_UNREACHABLE_CODE = YES;
				CLANG_WARN__DUPLICATE_METHOD_MATCH = YES;
				COPY_PHASE_STRIP = NO;
				DEBUG_INFORMATION_FORMAT = dwarf;
				ENABLE_STRICT_OBJC_MSGSEND = YES;
				ENABLE_TESTABILITY = YES;
				GCC_C_LANGUAGE_STANDARD = gnu11;
				GCC_DYNAMIC_NO_PIC = NO;
				GCC_NO_COMMON_BLOCKS = YES;
				GCC_OPTIMIZATION_LEVEL = 0;
				GCC_PREPROCESSOR_DEFINITIONS = (
					"DEBUG=1",
					"$(inherited)",
				);
				GCC_WARN_64_TO_32_BIT_CONVERSION = YES;
				GCC_WARN_ABOUT_RETURN_TYPE = YES_ERROR;
				GCC_WARN_UNDECLARED_SELECTOR = YES;
				GCC_WARN_UNINITIALIZED_AUTOS = YES_AGGRESSIVE;
				GCC_WARN_UNUSED_FUNCTION = YES;
				GCC_WARN_UNUSED_VARIABLE = YES;
				IPHONEOS_DEPLOYMENT_TARGET = 13.2;
				MTL_ENABLE_DEBUG_INFO = INCLUDE_SOURCE;
				MTL_FAST_MATH = YES;
				ONLY_ACTIVE_ARCH = YES;
				SDKROOT = iphoneos;
				SWIFT_ACTIVE_COMPILATION_CONDITIONS = DEBUG;
				SWIFT_OPTIMIZATION_LEVEL = "-Onone";
			};
			name = Debug;
		};
		D55B8EAF23AD904E00C6E337 /* Release */ = {
			isa = XCBuildConfiguration;
			buildSettings = {
				ALWAYS_SEARCH_USER_PATHS = NO;
				CLANG_ANALYZER_NONNULL = YES;
				CLANG_ANALYZER_NUMBER_OBJECT_CONVERSION = YES_AGGRESSIVE;
				CLANG_CXX_LANGUAGE_STANDARD = "gnu++14";
				CLANG_CXX_LIBRARY = "libc++";
				CLANG_ENABLE_MODULES = YES;
				CLANG_ENABLE_OBJC_ARC = YES;
				CLANG_ENABLE_OBJC_WEAK = YES;
				CLANG_WARN_BLOCK_CAPTURE_AUTORELEASING = YES;
				CLANG_WARN_BOOL_CONVERSION = YES;
				CLANG_WARN_COMMA = YES;
				CLANG_WARN_CONSTANT_CONVERSION = YES;
				CLANG_WARN_DEPRECATED_OBJC_IMPLEMENTATIONS = YES;
				CLANG_WARN_DIRECT_OBJC_ISA_USAGE = YES_ERROR;
				CLANG_WARN_DOCUMENTATION_COMMENTS = YES;
				CLANG_WARN_EMPTY_BODY = YES;
				CLANG_WARN_ENUM_CONVERSION = YES;
				CLANG_WARN_INFINITE_RECURSION = YES;
				CLANG_WARN_INT_CONVERSION = YES;
				CLANG_WARN_NON_LITERAL_NULL_CONVERSION = YES;
				CLANG_WARN_OBJC_IMPLICIT_RETAIN_SELF = YES;
				CLANG_WARN_OBJC_LITERAL_CONVERSION = YES;
				CLANG_WARN_OBJC_ROOT_CLASS = YES_ERROR;
				CLANG_WARN_RANGE_LOOP_ANALYSIS = YES;
				CLANG_WARN_STRICT_PROTOTYPES = YES;
				CLANG_WARN_SUSPICIOUS_MOVE = YES;
				CLANG_WARN_UNGUARDED_AVAILABILITY = YES_AGGRESSIVE;
				CLANG_WARN_UNREACHABLE_CODE = YES;
				CLANG_WARN__DUPLICATE_METHOD_MATCH = YES;
				COPY_PHASE_STRIP = NO;
				DEBUG_INFORMATION_FORMAT = "dwarf-with-dsym";
				ENABLE_NS_ASSERTIONS = NO;
				ENABLE_STRICT_OBJC_MSGSEND = YES;
				GCC_C_LANGUAGE_STANDARD = gnu11;
				GCC_NO_COMMON_BLOCKS = YES;
				GCC_WARN_64_TO_32_BIT_CONVERSION = YES;
				GCC_WARN_ABOUT_RETURN_TYPE = YES_ERROR;
				GCC_WARN_UNDECLARED_SELECTOR = YES;
				GCC_WARN_UNINITIALIZED_AUTOS = YES_AGGRESSIVE;
				GCC_WARN_UNUSED_FUNCTION = YES;
				GCC_WARN_UNUSED_VARIABLE = YES;
				IPHONEOS_DEPLOYMENT_TARGET = 13.2;
				MTL_ENABLE_DEBUG_INFO = NO;
				MTL_FAST_MATH = YES;
				SDKROOT = iphoneos;
				SWIFT_COMPILATION_MODE = wholemodule;
				SWIFT_OPTIMIZATION_LEVEL = "-O";
				VALIDATE_PRODUCT = YES;
			};
			name = Release;
		};
		D55B8EB123AD904E00C6E337 /* Debug */ = {
			isa = XCBuildConfiguration;
			buildSettings = {
				ASSETCATALOG_COMPILER_APPICON_NAME = AppIcon;
				CODE_SIGN_STYLE = Automatic;
				DEVELOPMENT_ASSET_PATHS = "\"Landmarks/Preview Content\"";
				DEVELOPMENT_TEAM = R3PYMY92F5;
				ENABLE_PREVIEWS = YES;
				INFOPLIST_FILE = Landmarks/Info.plist;
				LD_RUNPATH_SEARCH_PATHS = (
					"$(inherited)",
					"@executable_path/Frameworks",
				);
				PRODUCT_BUNDLE_IDENTIFIER = com.twiiks.Landmarks;
				PRODUCT_NAME = "$(TARGET_NAME)";
				SWIFT_VERSION = 5.0;
				TARGETED_DEVICE_FAMILY = "1,2";
			};
			name = Debug;
		};
		D55B8EB223AD904E00C6E337 /* Release */ = {
			isa = XCBuildConfiguration;
			buildSettings = {
				ASSETCATALOG_COMPILER_APPICON_NAME = AppIcon;
				CODE_SIGN_STYLE = Automatic;
				DEVELOPMENT_ASSET_PATHS = "\"Landmarks/Preview Content\"";
				DEVELOPMENT_TEAM = R3PYMY92F5;
				ENABLE_PREVIEWS = YES;
				INFOPLIST_FILE = Landmarks/Info.plist;
				LD_RUNPATH_SEARCH_PATHS = (
					"$(inherited)",
					"@executable_path/Frameworks",
				);
				PRODUCT_BUNDLE_IDENTIFIER = com.twiiks.Landmarks;
				PRODUCT_NAME = "$(TARGET_NAME)";
				SWIFT_VERSION = 5.0;
				TARGETED_DEVICE_FAMILY = "1,2";
			};
			name = Release;
		};
/* End XCBuildConfiguration section */

/* Begin XCConfigurationList section */
		D55B8E9723AD904A00C6E337 /* Build configuration list for PBXProject "Landmarks" */ = {
			isa = XCConfigurationList;
			buildConfigurations = (
				D55B8EAE23AD904E00C6E337 /* Debug */,
				D55B8EAF23AD904E00C6E337 /* Release */,
			);
			defaultConfigurationIsVisible = 0;
			defaultConfigurationName = Release;
		};
		D55B8EB023AD904E00C6E337 /* Build configuration list for PBXNativeTarget "Landmarks" */ = {
			isa = XCConfigurationList;
			buildConfigurations = (
				D55B8EB123AD904E00C6E337 /* Debug */,
				D55B8EB223AD904E00C6E337 /* Release */,
			);
			defaultConfigurationIsVisible = 0;
			defaultConfigurationName = Release;
		};
/* End XCConfigurationList section */
	};
	rootObject = D55B8E9423AD904A00C6E337 /* Project object */;
}
